
Microsoft Visual Studio Solution File, Format Version 11.00
# Visual Studio 2010
Project("{FAE04EC0-301F-11D3-BF4B-00C04F79EFBC}") = "BB.Profiling", "BB.Profiling\BB.Profiling.csproj", "{17002419-9F85-4A3F-A4B1-025B9E66BCED}"
EndProject
Project("{FAE04EC0-301F-11D3-BF4B-00C04F79EFBC}") = "BB.Profiling.Tests", "BB.Profiling.Tests\BB.Profiling.Tests.csproj", "{FC40D94D-0DC1-4282-B3D3-4718052461D7}"
EndProject
Project("{2150E333-8FDC-42A3-9474-1A3956D46DE8}") = "Solution Items", "Solution Items", "{0ED240FC-8186-4BAF-947C-F0845C9027B3}"
	ProjectSection(SolutionItems) = preProject
		BB.Profiling.vsmdi = BB.Profiling.vsmdi
		Local.testsettings = Local.testsettings
		TraceAndTestImpact.testsettings = TraceAndTestImpact.testsettings
	EndProjectSection
EndProject
Global
	GlobalSection(TestCaseManagementSettings) = postSolution
		CategoryFile = BB.Profiling.vsmdi
	EndGlobalSection
	GlobalSection(SolutionConfigurationPlatforms) = preSolution
		Debug|Any CPU = Debug|Any CPU
		Release|Any CPU = Release|Any CPU
	EndGlobalSection
	GlobalSection(ProjectConfigurationPlatforms) = postSolution
		{17002419-9F85-4A3F-A4B1-025B9E66BCED}.Debug|Any CPU.ActiveCfg = Debug|Any CPU
		{17002419-9F85-4A3F-A4B1-025B9E66BCED}.Debug|Any CPU.Build.0 = Debug|Any CPU
		{17002419-9F85-4A3F-A4B1-025B9E66BCED}.Release|Any CPU.ActiveCfg = Release|Any CPU
		{17002419-9F85-4A3F-A4B1-025B9E66BCED}.Release|Any CPU.Build.0 = Release|Any CPU
		{FC40D94D-0DC1-4282-B3D3-4718052461D7}.Debug|Any CPU.ActiveCfg = Debug|Any CPU
		{FC40D94D-0DC1-4282-B3D3-4718052461D7}.Debug|Any CPU.Build.0 = Debug|Any CPU
		{FC40D94D-0DC1-4282-B3D3-4718052461D7}.Release|Any CPU.ActiveCfg = Release|Any CPU
		{FC40D94D-0DC1-4282-B3D3-4718052461D7}.Release|Any CPU.Build.0 = Release|Any CPU
	EndGlobalSection
	GlobalSection(SolutionProperties) = preSolution
		HideSolutionNode = FALSE
	EndGlobalSection
EndGlobal
